// !$*UTF8*$!
{
	archiveVersion = 1;
	classes = {
	};
	objectVersion = 46;
	objects = {

/* Begin PBXBuildFile section */
		0CD57079802F52E026C83731 /* libPods.a in Frameworks */ = {isa = PBXBuildFile; fileRef = 5BC4CE1E2171474A1B4ADE98 /* libPods.a */; };
		7A036F621C3D1AD900B1D9B6 /* ActivityDetail.plist in Resources */ = {isa = PBXBuildFile; fileRef = 7A036F611C3D1AD900B1D9B6 /* ActivityDetail.plist */; };
		7A036F701C3D22DB00B1D9B6 /* UIViewController+Common.m in Sources */ = {isa = PBXBuildFile; fileRef = 7A036F6F1C3D22DB00B1D9B6 /* UIViewController+Common.m */; };
		7A04E9621C449EFB001224CF /* ProgressHUD.bundle in Resources */ = {isa = PBXBuildFile; fileRef = 7A04E95F1C449EFB001224CF /* ProgressHUD.bundle */; };
		7A04E9631C449EFB001224CF /* ProgressHUD.m in Sources */ = {isa = PBXBuildFile; fileRef = 7A04E9611C449EFB001224CF /* ProgressHUD.m */; };
		7A04E9671C44FA77001224CF /* UIDiscoverTableViewCell.m in Sources */ = {isa = PBXBuildFile; fileRef = 7A04E9651C44FA77001224CF /* UIDiscoverTableViewCell.m */; };
		7A04E9681C44FA77001224CF /* UIDiscoverTableViewCell.xib in Resources */ = {isa = PBXBuildFile; fileRef = 7A04E9661C44FA77001224CF /* UIDiscoverTableViewCell.xib */; };
		7A04E9851C450F1A001224CF /* Discover.plist in Resources */ = {isa = PBXBuildFile; fileRef = 7A04E9841C450F1A001224CF /* Discover.plist */; };
		7A04E9881C4511F4001224CF /* DisCover.m in Sources */ = {isa = PBXBuildFile; fileRef = 7A04E9871C4511F4001224CF /* DisCover.m */; };
		7A07D66E1C4616D100513910 /* SetViewController.m in Sources */ = {isa = PBXBuildFile; fileRef = 7A07D66D1C4616D100513910 /* SetViewController.m */; };
		7A07D6701C462BF800513910 /* MessageUI.framework in Frameworks */ = {isa = PBXBuildFile; fileRef = 7A07D66F1C462BF800513910 /* MessageUI.framework */; };
		7A07D67E1C464F5000513910 /* libWeiboSDK.a in Frameworks */ = {isa = PBXBuildFile; fileRef = 7A07D6721C464F5000513910 /* libWeiboSDK.a */; };
		7A07D67F1C464F5000513910 /* WeiboSDK.bundle in Resources */ = {isa = PBXBuildFile; fileRef = 7A07D67B1C464F5000513910 /* WeiboSDK.bundle */; };
		7A07D6811C46503B00513910 /* QuartzCore.framework in Frameworks */ = {isa = PBXBuildFile; fileRef = 7A07D6801C46503B00513910 /* QuartzCore.framework */; };
		7A07D6831C46504C00513910 /* ImageIO.framework in Frameworks */ = {isa = PBXBuildFile; fileRef = 7A07D6821C46504C00513910 /* ImageIO.framework */; };
		7A07D6851C46505800513910 /* SystemConfiguration.framework in Frameworks */ = {isa = PBXBuildFile; fileRef = 7A07D6841C46505800513910 /* SystemConfiguration.framework */; };
		7A07D6871C46506200513910 /* Security.framework in Frameworks */ = {isa = PBXBuildFile; fileRef = 7A07D6861C46506200513910 /* Security.framework */; };
		7A07D6891C46506D00513910 /* CoreTelephony.framework in Frameworks */ = {isa = PBXBuildFile; fileRef = 7A07D6881C46506D00513910 /* CoreTelephony.framework */; };
		7A07D68B1C46507A00513910 /* CoreText.framework in Frameworks */ = {isa = PBXBuildFile; fileRef = 7A07D68A1C46507A00513910 /* CoreText.framework */; };
		7A07D68D1C46508700513910 /* UIKit.framework in Frameworks */ = {isa = PBXBuildFile; fileRef = 7A07D68C1C46508700513910 /* UIKit.framework */; };
		7A07D68F1C46509400513910 /* Foundation.framework in Frameworks */ = {isa = PBXBuildFile; fileRef = 7A07D68E1C46509400513910 /* Foundation.framework */; };
		7A07D6911C46509E00513910 /* CoreGraphics.framework in Frameworks */ = {isa = PBXBuildFile; fileRef = 7A07D6901C46509E00513910 /* CoreGraphics.framework */; };
		7A07D6931C4650B100513910 /* libz.tbd in Frameworks */ = {isa = PBXBuildFile; fileRef = 7A07D6921C4650B100513910 /* libz.tbd */; };
		7A07D6951C4650C900513910 /* libsqlite3.tbd in Frameworks */ = {isa = PBXBuildFile; fileRef = 7A07D6941C4650C900513910 /* libsqlite3.tbd */; };
		7A0806161C3A1C510085435F /* main.m in Sources */ = {isa = PBXBuildFile; fileRef = 7A0806151C3A1C510085435F /* main.m */; };
		7A0806191C3A1C510085435F /* AppDelegate.m in Sources */ = {isa = PBXBuildFile; fileRef = 7A0806181C3A1C510085435F /* AppDelegate.m */; };
		7A08061B1C3A1C510085435F /* Assets.xcassets in Resources */ = {isa = PBXBuildFile; fileRef = 7A08061A1C3A1C510085435F /* Assets.xcassets */; };
		7A08061E1C3A1C510085435F /* LaunchScreen.storyboard in Resources */ = {isa = PBXBuildFile; fileRef = 7A08061C1C3A1C510085435F /* LaunchScreen.storyboard */; };
		7A0806451C3A4DE10085435F /* DiscoverViewController.m in Sources */ = {isa = PBXBuildFile; fileRef = 7A0806361C3A4DE10085435F /* DiscoverViewController.m */; };
		7A0806461C3A4DE10085435F /* MainViewController.m in Sources */ = {isa = PBXBuildFile; fileRef = 7A08063C1C3A4DE10085435F /* MainViewController.m */; };
		7A0806471C3A4DE10085435F /* MineViewController.m in Sources */ = {isa = PBXBuildFile; fileRef = 7A0806421C3A4DE10085435F /* MineViewController.m */; };
		7A08064B1C3A50920085435F /* Main.storyboard in Resources */ = {isa = PBXBuildFile; fileRef = 7A08064A1C3A50920085435F /* Main.storyboard */; };
		7A08064D1C3A50B20085435F /* DiscoverStoryboard.storyboard in Resources */ = {isa = PBXBuildFile; fileRef = 7A08064C1C3A50B20085435F /* DiscoverStoryboard.storyboard */; };
		7A08064F1C3A50ED0085435F /* MineStoryboard.storyboard in Resources */ = {isa = PBXBuildFile; fileRef = 7A08064E1C3A50ED0085435F /* MineStoryboard.storyboard */; };
		7A09610B1C3A766D00B0DDB4 /* MainTableViewCell.m in Sources */ = {isa = PBXBuildFile; fileRef = 7A0961091C3A766D00B0DDB4 /* MainTableViewCell.m */; };
		7A09610C1C3A766D00B0DDB4 /* MainTableViewCell.xib in Resources */ = {isa = PBXBuildFile; fileRef = 7A09610A1C3A766D00B0DDB4 /* MainTableViewCell.xib */; };
		7A0C87341C3F5D6E0036426C /* Them.plist in Resources */ = {isa = PBXBuildFile; fileRef = 7A0C87331C3F5D6E0036426C /* Them.plist */; };
		7A0C87371C3F5EC60036426C /* ActivityThem.m in Sources */ = {isa = PBXBuildFile; fileRef = 7A0C87361C3F5EC60036426C /* ActivityThem.m */; };
		7A0C87391C3F9CBD0036426C /* goodActivity.plist in Resources */ = {isa = PBXBuildFile; fileRef = 7A0C87381C3F9CBD0036426C /* goodActivity.plist */; };
		7A0C873F1C3F9E400036426C /* blueArrow.png in Resources */ = {isa = PBXBuildFile; fileRef = 7A0C873B1C3F9E400036426C /* blueArrow.png */; };
		7A0C87401C3F9E400036426C /* blueArrowDown.png in Resources */ = {isa = PBXBuildFile; fileRef = 7A0C873C1C3F9E400036426C /* blueArrowDown.png */; };
		7A0C87411C3F9E400036426C /* PullingRefreshTableView.m in Sources */ = {isa = PBXBuildFile; fileRef = 7A0C873E1C3F9E400036426C /* PullingRefreshTableView.m */; settings = {COMPILER_FLAGS = "-fno-objc-arc"; }; };
		7A0C87451C3FA3B40036426C /* GoodActiivityTableViewCell.m in Sources */ = {isa = PBXBuildFile; fileRef = 7A0C87431C3FA3B40036426C /* GoodActiivityTableViewCell.m */; };
		7A0C87461C3FA3B40036426C /* GoodActiivityTableViewCell.xib in Resources */ = {isa = PBXBuildFile; fileRef = 7A0C87441C3FA3B40036426C /* GoodActiivityTableViewCell.xib */; };
		7A0C87481C3FB7EF0036426C /* goodActivity2.plist in Resources */ = {isa = PBXBuildFile; fileRef = 7A0C87471C3FB7EF0036426C /* goodActivity2.plist */; };
		7A0C874B1C3FBE450036426C /* GoodActivityModel.m in Sources */ = {isa = PBXBuildFile; fileRef = 7A0C874A1C3FBE450036426C /* GoodActivityModel.m */; };
		7A0CF5801C424C4E00B93AC1 /* HotTableViewCell.m in Sources */ = {isa = PBXBuildFile; fileRef = 7A0CF57F1C424C4E00B93AC1 /* HotTableViewCell.m */; };
		7A0CF5821C42532900B93AC1 /* Hot.plist in Resources */ = {isa = PBXBuildFile; fileRef = 7A0CF5811C42532900B93AC1 /* Hot.plist */; };
		7A0CF5841C42680D00B93AC1 /* Classfy.plist in Resources */ = {isa = PBXBuildFile; fileRef = 7A0CF5831C42680D00B93AC1 /* Classfy.plist */; };
		7A0CF5881C4268C900B93AC1 /* ClassfyTableViewCell.m in Sources */ = {isa = PBXBuildFile; fileRef = 7A0CF5861C4268C900B93AC1 /* ClassfyTableViewCell.m */; };
		7A0CF5891C4268C900B93AC1 /* ClassfyTableViewCell.xib in Resources */ = {isa = PBXBuildFile; fileRef = 7A0CF5871C4268C900B93AC1 /* ClassfyTableViewCell.xib */; };
		7A0CF58C1C426C8000B93AC1 /* Classfy.m in Sources */ = {isa = PBXBuildFile; fileRef = 7A0CF58B1C426C8000B93AC1 /* Classfy.m */; };
		7A20EDAB1C3E5B1D00CA3C72 /* UIView+Extesion.m in Sources */ = {isa = PBXBuildFile; fileRef = 7A20EDAA1C3E5B1D00CA3C72 /* UIView+Extesion.m */; };
		7A54A6951C3CBC30008D7F94 /* SelectCityViewController.m in Sources */ = {isa = PBXBuildFile; fileRef = 7A54A6941C3CBC30008D7F94 /* SelectCityViewController.m */; };
		7A54A6981C3CBDB8008D7F94 /* SearchViewController.m in Sources */ = {isa = PBXBuildFile; fileRef = 7A54A6971C3CBDB8008D7F94 /* SearchViewController.m */; };
		7A54A69B1C3CBE75008D7F94 /* ActivityDetailViewController.m in Sources */ = {isa = PBXBuildFile; fileRef = 7A54A69A1C3CBE75008D7F94 /* ActivityDetailViewController.m */; };
		7A54A69E1C3CBF47008D7F94 /* ThemeViewController.m in Sources */ = {isa = PBXBuildFile; fileRef = 7A54A69D1C3CBF47008D7F94 /* ThemeViewController.m */; };
		7A54A6A11C3CBFF5008D7F94 /* ClassifyViewController.m in Sources */ = {isa = PBXBuildFile; fileRef = 7A54A6A01C3CBFF5008D7F94 /* ClassifyViewController.m */; };
		7A54A6A41C3CC06F008D7F94 /* GoodActivityViewController.m in Sources */ = {isa = PBXBuildFile; fileRef = 7A54A6A31C3CC06F008D7F94 /* GoodActivityViewController.m */; };
		7A54A6A71C3CC083008D7F94 /* HotViewController.m in Sources */ = {isa = PBXBuildFile; fileRef = 7A54A6A61C3CC083008D7F94 /* HotViewController.m */; };
		7A6E86091C3E10DD0011D115 /* Activity.m in Sources */ = {isa = PBXBuildFile; fileRef = 7A6E86081C3E10DD0011D115 /* Activity.m */; };
		7A6E860C1C3E4C2C0011D115 /* HWTools.m in Sources */ = {isa = PBXBuildFile; fileRef = 7A6E860B1C3E4C2C0011D115 /* HWTools.m */; };
		7AC97AA71C474E5400FF6362 /* ShareViewController.m in Sources */ = {isa = PBXBuildFile; fileRef = 7AC97AA61C474E5400FF6362 /* ShareViewController.m */; };
		7AC97AAA1C474F8B00FF6362 /* ShareView.m in Sources */ = {isa = PBXBuildFile; fileRef = 7AC97AA91C474F8B00FF6362 /* ShareView.m */; };
		7AC97B381C47BE8A00FF6362 /* libWeChatSDK.a in Frameworks */ = {isa = PBXBuildFile; fileRef = 7AC97B351C47BE8A00FF6362 /* libWeChatSDK.a */; };
		7AC97B3A1C47BF1E00FF6362 /* libc++.tbd in Frameworks */ = {isa = PBXBuildFile; fileRef = 7AC97B391C47BF1E00FF6362 /* libc++.tbd */; };
		7AC97B3C1C47C34700FF6362 /* 60.jpg in Resources */ = {isa = PBXBuildFile; fileRef = 7AC97B3B1C47C34700FF6362 /* 60.jpg */; };
		7AD0B7F61C3B97C300A95969 /* Model.plist in Resources */ = {isa = PBXBuildFile; fileRef = 7AD0B7F51C3B97C300A95969 /* Model.plist */; };
		7AD0B7F91C3BA06F00A95969 /* MainModel.m in Sources */ = {isa = PBXBuildFile; fileRef = 7AD0B7F81C3BA06F00A95969 /* MainModel.m */; };
		7AFA8E1B1C438FBB0097EAE4 /* VOContentLayer.m in Sources */ = {isa = PBXBuildFile; fileRef = 7AFA8E0D1C438FBB0097EAE4 /* VOContentLayer.m */; };
		7AFA8E1C1C438FBB0097EAE4 /* VOIndicatorAnimation.m in Sources */ = {isa = PBXBuildFile; fileRef = 7AFA8E0F1C438FBB0097EAE4 /* VOIndicatorAnimation.m */; };
		7AFA8E1D1C438FBB0097EAE4 /* VOSegment.m in Sources */ = {isa = PBXBuildFile; fileRef = 7AFA8E111C438FBB0097EAE4 /* VOSegment.m */; };
		7AFA8E1E1C438FBB0097EAE4 /* VOSegmentedControl.m in Sources */ = {isa = PBXBuildFile; fileRef = 7AFA8E131C438FBB0097EAE4 /* VOSegmentedControl.m */; };
		7AFA8E231C43A8150097EAE4 /* typeid6.plist in Resources */ = {isa = PBXBuildFile; fileRef = 7AFA8E1F1C43A8150097EAE4 /* typeid6.plist */; };
		7AFA8E241C43A8150097EAE4 /* typeid22.plist in Resources */ = {isa = PBXBuildFile; fileRef = 7AFA8E201C43A8150097EAE4 /* typeid22.plist */; };
		7AFA8E251C43A8150097EAE4 /* typeid23.plist in Resources */ = {isa = PBXBuildFile; fileRef = 7AFA8E211C43A8150097EAE4 /* typeid23.plist */; };
		7AFA8E261C43A8150097EAE4 /* typeud21.plist in Resources */ = {isa = PBXBuildFile; fileRef = 7AFA8E221C43A8150097EAE4 /* typeud21.plist */; };
/* End PBXBuildFile section */

/* Begin PBXFileReference section */
		5BC4CE1E2171474A1B4ADE98 /* libPods.a */ = {isa = PBXFileReference; explicitFileType = archive.ar; includeInIndex = 0; path = libPods.a; sourceTree = BUILT_PRODUCTS_DIR; };
		5E0EA4742F616A858C2DC0B7 /* Pods.debug.xcconfig */ = {isa = PBXFileReference; includeInIndex = 1; lastKnownFileType = text.xcconfig; name = Pods.debug.xcconfig; path = "Pods/Target Support Files/Pods/Pods.debug.xcconfig"; sourceTree = "<group>"; };
		7A036F611C3D1AD900B1D9B6 /* ActivityDetail.plist */ = {isa = PBXFileReference; fileEncoding = 4; lastKnownFileType = text.plist.xml; path = ActivityDetail.plist; sourceTree = "<group>"; };
		7A036F6E1C3D22DB00B1D9B6 /* UIViewController+Common.h */ = {isa = PBXFileReference; fileEncoding = 4; lastKnownFileType = sourcecode.c.h; path = "UIViewController+Common.h"; sourceTree = "<group>"; };
		7A036F6F1C3D22DB00B1D9B6 /* UIViewController+Common.m */ = {isa = PBXFileReference; fileEncoding = 4; lastKnownFileType = sourcecode.c.objc; path = "UIViewController+Common.m"; sourceTree = "<group>"; };
		7A036F711C3D242F00B1D9B6 /* HWDefine.h */ = {isa = PBXFileReference; lastKnownFileType = sourcecode.c.h; path = HWDefine.h; sourceTree = "<group>"; };
		7A04E95F1C449EFB001224CF /* ProgressHUD.bundle */ = {isa = PBXFileReference; lastKnownFileType = "wrapper.plug-in"; path = ProgressHUD.bundle; sourceTree = "<group>"; };
		7A04E9601C449EFB001224CF /* ProgressHUD.h */ = {isa = PBXFileReference; fileEncoding = 4; lastKnownFileType = sourcecode.c.h; path = ProgressHUD.h; sourceTree = "<group>"; };
		7A04E9611C449EFB001224CF /* ProgressHUD.m */ = {isa = PBXFileReference; fileEncoding = 4; lastKnownFileType = sourcecode.c.objc; path = ProgressHUD.m; sourceTree = "<group>"; };
		7A04E9641C44FA77001224CF /* UIDiscoverTableViewCell.h */ = {isa = PBXFileReference; fileEncoding = 4; lastKnownFileType = sourcecode.c.h; path = UIDiscoverTableViewCell.h; sourceTree = "<group>"; };
		7A04E9651C44FA77001224CF /* UIDiscoverTableViewCell.m */ = {isa = PBXFileReference; fileEncoding = 4; lastKnownFileType = sourcecode.c.objc; path = UIDiscoverTableViewCell.m; sourceTree = "<group>"; };
		7A04E9661C44FA77001224CF /* UIDiscoverTableViewCell.xib */ = {isa = PBXFileReference; fileEncoding = 4; lastKnownFileType = file.xib; path = UIDiscoverTableViewCell.xib; sourceTree = "<group>"; };
		7A04E9841C450F1A001224CF /* Discover.plist */ = {isa = PBXFileReference; fileEncoding = 4; lastKnownFileType = text.plist.xml; path = Discover.plist; sourceTree = "<group>"; };
		7A04E9861C4511F4001224CF /* DisCover.h */ = {isa = PBXFileReference; fileEncoding = 4; lastKnownFileType = sourcecode.c.h; path = DisCover.h; sourceTree = "<group>"; };
		7A04E9871C4511F4001224CF /* DisCover.m */ = {isa = PBXFileReference; fileEncoding = 4; lastKnownFileType = sourcecode.c.objc; path = DisCover.m; sourceTree = "<group>"; };
		7A07D66C1C4616D000513910 /* SetViewController.h */ = {isa = PBXFileReference; fileEncoding = 4; lastKnownFileType = sourcecode.c.h; path = SetViewController.h; sourceTree = "<group>"; };
		7A07D66D1C4616D100513910 /* SetViewController.m */ = {isa = PBXFileReference; fileEncoding = 4; lastKnownFileType = sourcecode.c.objc; path = SetViewController.m; sourceTree = "<group>"; };
		7A07D66F1C462BF800513910 /* MessageUI.framework */ = {isa = PBXFileReference; lastKnownFileType = wrapper.framework; name = MessageUI.framework; path = System/Library/Frameworks/MessageUI.framework; sourceTree = SDKROOT; };
		7A07D6721C464F5000513910 /* libWeiboSDK.a */ = {isa = PBXFileReference; lastKnownFileType = archive.ar; path = libWeiboSDK.a; sourceTree = "<group>"; };
		7A07D6731C464F5000513910 /* WBHttpRequest+WeiboGame.h */ = {isa = PBXFileReference; fileEncoding = 4; lastKnownFileType = sourcecode.c.h; path = "WBHttpRequest+WeiboGame.h"; sourceTree = "<group>"; };
		7A07D6741C464F5000513910 /* WBHttpRequest+WeiboShare.h */ = {isa = PBXFileReference; fileEncoding = 4; lastKnownFileType = sourcecode.c.h; path = "WBHttpRequest+WeiboShare.h"; sourceTree = "<group>"; };
		7A07D6751C464F5000513910 /* WBHttpRequest+WeiboToken.h */ = {isa = PBXFileReference; fileEncoding = 4; lastKnownFileType = sourcecode.c.h; path = "WBHttpRequest+WeiboToken.h"; sourceTree = "<group>"; };
		7A07D6761C464F5000513910 /* WBHttpRequest+WeiboUser.h */ = {isa = PBXFileReference; fileEncoding = 4; lastKnownFileType = sourcecode.c.h; path = "WBHttpRequest+WeiboUser.h"; sourceTree = "<group>"; };
		7A07D6771C464F5000513910 /* WBHttpRequest.h */ = {isa = PBXFileReference; fileEncoding = 4; lastKnownFileType = sourcecode.c.h; path = WBHttpRequest.h; sourceTree = "<group>"; };
		7A07D6781C464F5000513910 /* WBSDKBasicButton.h */ = {isa = PBXFileReference; fileEncoding = 4; lastKnownFileType = sourcecode.c.h; path = WBSDKBasicButton.h; sourceTree = "<group>"; };
		7A07D6791C464F5000513910 /* WBSDKCommentButton.h */ = {isa = PBXFileReference; fileEncoding = 4; lastKnownFileType = sourcecode.c.h; path = WBSDKCommentButton.h; sourceTree = "<group>"; };
		7A07D67A1C464F5000513910 /* WBSDKRelationshipButton.h */ = {isa = PBXFileReference; fileEncoding = 4; lastKnownFileType = sourcecode.c.h; path = WBSDKRelationshipButton.h; sourceTree = "<group>"; };
		7A07D67B1C464F5000513910 /* WeiboSDK.bundle */ = {isa = PBXFileReference; lastKnownFileType = "wrapper.plug-in"; path = WeiboSDK.bundle; sourceTree = "<group>"; };
		7A07D67C1C464F5000513910 /* WeiboSDK.h */ = {isa = PBXFileReference; fileEncoding = 4; lastKnownFileType = sourcecode.c.h; path = WeiboSDK.h; sourceTree = "<group>"; };
		7A07D67D1C464F5000513910 /* WeiboUser.h */ = {isa = PBXFileReference; fileEncoding = 4; lastKnownFileType = sourcecode.c.h; path = WeiboUser.h; sourceTree = "<group>"; };
		7A07D6801C46503B00513910 /* QuartzCore.framework */ = {isa = PBXFileReference; lastKnownFileType = wrapper.framework; name = QuartzCore.framework; path = System/Library/Frameworks/QuartzCore.framework; sourceTree = SDKROOT; };
		7A07D6821C46504C00513910 /* ImageIO.framework */ = {isa = PBXFileReference; lastKnownFileType = wrapper.framework; name = ImageIO.framework; path = System/Library/Frameworks/ImageIO.framework; sourceTree = SDKROOT; };
		7A07D6841C46505800513910 /* SystemConfiguration.framework */ = {isa = PBXFileReference; lastKnownFileType = wrapper.framework; name = SystemConfiguration.framework; path = System/Library/Frameworks/SystemConfiguration.framework; sourceTree = SDKROOT; };
		7A07D6861C46506200513910 /* Security.framework */ = {isa = PBXFileReference; lastKnownFileType = wrapper.framework; name = Security.framework; path = System/Library/Frameworks/Security.framework; sourceTree = SDKROOT; };
		7A07D6881C46506D00513910 /* CoreTelephony.framework */ = {isa = PBXFileReference; lastKnownFileType = wrapper.framework; name = CoreTelephony.framework; path = System/Library/Frameworks/CoreTelephony.framework; sourceTree = SDKROOT; };
		7A07D68A1C46507A00513910 /* CoreText.framework */ = {isa = PBXFileReference; lastKnownFileType = wrapper.framework; name = CoreText.framework; path = System/Library/Frameworks/CoreText.framework; sourceTree = SDKROOT; };
		7A07D68C1C46508700513910 /* UIKit.framework */ = {isa = PBXFileReference; lastKnownFileType = wrapper.framework; name = UIKit.framework; path = System/Library/Frameworks/UIKit.framework; sourceTree = SDKROOT; };
		7A07D68E1C46509400513910 /* Foundation.framework */ = {isa = PBXFileReference; lastKnownFileType = wrapper.framework; name = Foundation.framework; path = System/Library/Frameworks/Foundation.framework; sourceTree = SDKROOT; };
		7A07D6901C46509E00513910 /* CoreGraphics.framework */ = {isa = PBXFileReference; lastKnownFileType = wrapper.framework; name = CoreGraphics.framework; path = System/Library/Frameworks/CoreGraphics.framework; sourceTree = SDKROOT; };
		7A07D6921C4650B100513910 /* libz.tbd */ = {isa = PBXFileReference; lastKnownFileType = "sourcecode.text-based-dylib-definition"; name = libz.tbd; path = usr/lib/libz.tbd; sourceTree = SDKROOT; };
		7A07D6941C4650C900513910 /* libsqlite3.tbd */ = {isa = PBXFileReference; lastKnownFileType = "sourcecode.text-based-dylib-definition"; name = libsqlite3.tbd; path = usr/lib/libsqlite3.tbd; sourceTree = SDKROOT; };
		7A0806111C3A1C510085435F /* Happyholiday.app */ = {isa = PBXFileReference; explicitFileType = wrapper.application; includeInIndex = 0; path = Happyholiday.app; sourceTree = BUILT_PRODUCTS_DIR; };
		7A0806151C3A1C510085435F /* main.m */ = {isa = PBXFileReference; lastKnownFileType = sourcecode.c.objc; path = main.m; sourceTree = "<group>"; };
		7A0806171C3A1C510085435F /* AppDelegate.h */ = {isa = PBXFileReference; lastKnownFileType = sourcecode.c.h; path = AppDelegate.h; sourceTree = "<group>"; };
		7A0806181C3A1C510085435F /* AppDelegate.m */ = {isa = PBXFileReference; lastKnownFileType = sourcecode.c.objc; path = AppDelegate.m; sourceTree = "<group>"; };
		7A08061A1C3A1C510085435F /* Assets.xcassets */ = {isa = PBXFileReference; lastKnownFileType = folder.assetcatalog; path = Assets.xcassets; sourceTree = "<group>"; };
		7A08061D1C3A1C510085435F /* Base */ = {isa = PBXFileReference; lastKnownFileType = file.storyboard; name = Base; path = Base.lproj/LaunchScreen.storyboard; sourceTree = "<group>"; };
		7A08061F1C3A1C510085435F /* Info.plist */ = {isa = PBXFileReference; lastKnownFileType = text.plist.xml; path = Info.plist; sourceTree = "<group>"; };
		7A0806351C3A4DE10085435F /* DiscoverViewController.h */ = {isa = PBXFileReference; fileEncoding = 4; lastKnownFileType = sourcecode.c.h; path = DiscoverViewController.h; sourceTree = "<group>"; };
		7A0806361C3A4DE10085435F /* DiscoverViewController.m */ = {isa = PBXFileReference; fileEncoding = 4; lastKnownFileType = sourcecode.c.objc; path = DiscoverViewController.m; sourceTree = "<group>"; };
		7A08063B1C3A4DE10085435F /* MainViewController.h */ = {isa = PBXFileReference; fileEncoding = 4; lastKnownFileType = sourcecode.c.h; path = MainViewController.h; sourceTree = "<group>"; };
		7A08063C1C3A4DE10085435F /* MainViewController.m */ = {isa = PBXFileReference; fileEncoding = 4; lastKnownFileType = sourcecode.c.objc; path = MainViewController.m; sourceTree = "<group>"; };
		7A0806411C3A4DE10085435F /* MineViewController.h */ = {isa = PBXFileReference; fileEncoding = 4; lastKnownFileType = sourcecode.c.h; path = MineViewController.h; sourceTree = "<group>"; };
		7A0806421C3A4DE10085435F /* MineViewController.m */ = {isa = PBXFileReference; fileEncoding = 4; lastKnownFileType = sourcecode.c.objc; path = MineViewController.m; sourceTree = "<group>"; };
		7A08064A1C3A50920085435F /* Main.storyboard */ = {isa = PBXFileReference; fileEncoding = 4; lastKnownFileType = file.storyboard; path = Main.storyboard; sourceTree = "<group>"; };
		7A08064C1C3A50B20085435F /* DiscoverStoryboard.storyboard */ = {isa = PBXFileReference; fileEncoding = 4; lastKnownFileType = file.storyboard; path = DiscoverStoryboard.storyboard; sourceTree = "<group>"; };
		7A08064E1C3A50ED0085435F /* MineStoryboard.storyboard */ = {isa = PBXFileReference; fileEncoding = 4; lastKnownFileType = file.storyboard; path = MineStoryboard.storyboard; sourceTree = "<group>"; };
		7A0961081C3A766D00B0DDB4 /* MainTableViewCell.h */ = {isa = PBXFileReference; fileEncoding = 4; lastKnownFileType = sourcecode.c.h; path = MainTableViewCell.h; sourceTree = "<group>"; };
		7A0961091C3A766D00B0DDB4 /* MainTableViewCell.m */ = {isa = PBXFileReference; fileEncoding = 4; lastKnownFileType = sourcecode.c.objc; path = MainTableViewCell.m; sourceTree = "<group>"; };
		7A09610A1C3A766D00B0DDB4 /* MainTableViewCell.xib */ = {isa = PBXFileReference; fileEncoding = 4; lastKnownFileType = file.xib; path = MainTableViewCell.xib; sourceTree = "<group>"; };
		7A0C87331C3F5D6E0036426C /* Them.plist */ = {isa = PBXFileReference; fileEncoding = 4; lastKnownFileType = text.plist.xml; path = Them.plist; sourceTree = "<group>"; };
		7A0C87351C3F5EC60036426C /* ActivityThem.h */ = {isa = PBXFileReference; fileEncoding = 4; lastKnownFileType = sourcecode.c.h; path = ActivityThem.h; sourceTree = "<group>"; };
		7A0C87361C3F5EC60036426C /* ActivityThem.m */ = {isa = PBXFileReference; fileEncoding = 4; lastKnownFileType = sourcecode.c.objc; path = ActivityThem.m; sourceTree = "<group>"; };
		7A0C87381C3F9CBD0036426C /* goodActivity.plist */ = {isa = PBXFileReference; fileEncoding = 4; lastKnownFileType = text.plist.xml; path = goodActivity.plist; sourceTree = "<group>"; };
		7A0C873B1C3F9E400036426C /* blueArrow.png */ = {isa = PBXFileReference; lastKnownFileType = image.png; path = blueArrow.png; sourceTree = "<group>"; };
		7A0C873C1C3F9E400036426C /* blueArrowDown.png */ = {isa = PBXFileReference; lastKnownFileType = image.png; path = blueArrowDown.png; sourceTree = "<group>"; };
		7A0C873D1C3F9E400036426C /* PullingRefreshTableView.h */ = {isa = PBXFileReference; fileEncoding = 4; lastKnownFileType = sourcecode.c.h; path = PullingRefreshTableView.h; sourceTree = "<group>"; };
		7A0C873E1C3F9E400036426C /* PullingRefreshTableView.m */ = {isa = PBXFileReference; fileEncoding = 4; lastKnownFileType = sourcecode.c.objc; path = PullingRefreshTableView.m; sourceTree = "<group>"; };
		7A0C87421C3FA3B40036426C /* GoodActiivityTableViewCell.h */ = {isa = PBXFileReference; fileEncoding = 4; lastKnownFileType = sourcecode.c.h; path = GoodActiivityTableViewCell.h; sourceTree = "<group>"; };
		7A0C87431C3FA3B40036426C /* GoodActiivityTableViewCell.m */ = {isa = PBXFileReference; fileEncoding = 4; lastKnownFileType = sourcecode.c.objc; path = GoodActiivityTableViewCell.m; sourceTree = "<group>"; };
		7A0C87441C3FA3B40036426C /* GoodActiivityTableViewCell.xib */ = {isa = PBXFileReference; fileEncoding = 4; lastKnownFileType = file.xib; path = GoodActiivityTableViewCell.xib; sourceTree = "<group>"; };
		7A0C87471C3FB7EF0036426C /* goodActivity2.plist */ = {isa = PBXFileReference; fileEncoding = 4; lastKnownFileType = text.plist.xml; path = goodActivity2.plist; sourceTree = "<group>"; };
		7A0C87491C3FBE450036426C /* GoodActivityModel.h */ = {isa = PBXFileReference; fileEncoding = 4; lastKnownFileType = sourcecode.c.h; path = GoodActivityModel.h; sourceTree = "<group>"; };
		7A0C874A1C3FBE450036426C /* GoodActivityModel.m */ = {isa = PBXFileReference; fileEncoding = 4; lastKnownFileType = sourcecode.c.objc; path = GoodActivityModel.m; sourceTree = "<group>"; };
		7A0CF57E1C424C4E00B93AC1 /* HotTableViewCell.h */ = {isa = PBXFileReference; fileEncoding = 4; lastKnownFileType = sourcecode.c.h; path = HotTableViewCell.h; sourceTree = "<group>"; };
		7A0CF57F1C424C4E00B93AC1 /* HotTableViewCell.m */ = {isa = PBXFileReference; fileEncoding = 4; lastKnownFileType = sourcecode.c.objc; path = HotTableViewCell.m; sourceTree = "<group>"; };
		7A0CF5811C42532900B93AC1 /* Hot.plist */ = {isa = PBXFileReference; fileEncoding = 4; lastKnownFileType = text.plist.xml; path = Hot.plist; sourceTree = "<group>"; };
		7A0CF5831C42680D00B93AC1 /* Classfy.plist */ = {isa = PBXFileReference; fileEncoding = 4; lastKnownFileType = text.plist.xml; path = Classfy.plist; sourceTree = "<group>"; };
		7A0CF5851C4268C900B93AC1 /* ClassfyTableViewCell.h */ = {isa = PBXFileReference; fileEncoding = 4; lastKnownFileType = sourcecode.c.h; path = ClassfyTableViewCell.h; sourceTree = "<group>"; };
		7A0CF5861C4268C900B93AC1 /* ClassfyTableViewCell.m */ = {isa = PBXFileReference; fileEncoding = 4; lastKnownFileType = sourcecode.c.objc; path = ClassfyTableViewCell.m; sourceTree = "<group>"; };
		7A0CF5871C4268C900B93AC1 /* ClassfyTableViewCell.xib */ = {isa = PBXFileReference; fileEncoding = 4; lastKnownFileType = file.xib; path = ClassfyTableViewCell.xib; sourceTree = "<group>"; };
		7A0CF58A1C426C8000B93AC1 /* Classfy.h */ = {isa = PBXFileReference; fileEncoding = 4; lastKnownFileType = sourcecode.c.h; path = Classfy.h; sourceTree = "<group>"; };
		7A0CF58B1C426C8000B93AC1 /* Classfy.m */ = {isa = PBXFileReference; fileEncoding = 4; lastKnownFileType = sourcecode.c.objc; path = Classfy.m; sourceTree = "<group>"; };
		7A20EDA91C3E5B1D00CA3C72 /* UIView+Extesion.h */ = {isa = PBXFileReference; fileEncoding = 4; lastKnownFileType = sourcecode.c.h; path = "UIView+Extesion.h"; sourceTree = "<group>"; };
		7A20EDAA1C3E5B1D00CA3C72 /* UIView+Extesion.m */ = {isa = PBXFileReference; fileEncoding = 4; lastKnownFileType = sourcecode.c.objc; path = "UIView+Extesion.m"; sourceTree = "<group>"; };
		7A54A6911C3CAA65008D7F94 /* MySelf.pch */ = {isa = PBXFileReference; lastKnownFileType = sourcecode.c.h; name = MySelf.pch; path = ../MySelf.pch; sourceTree = "<group>"; };
		7A54A6931C3CBC30008D7F94 /* SelectCityViewController.h */ = {isa = PBXFileReference; fileEncoding = 4; lastKnownFileType = sourcecode.c.h; name = SelectCityViewController.h; path = Happyholiday/Classes/Main/Controller/SelectCityViewController.h; sourceTree = SOURCE_ROOT; };
		7A54A6941C3CBC30008D7F94 /* SelectCityViewController.m */ = {isa = PBXFileReference; fileEncoding = 4; lastKnownFileType = sourcecode.c.objc; name = SelectCityViewController.m; path = Happyholiday/Classes/Main/Controller/SelectCityViewController.m; sourceTree = SOURCE_ROOT; };
		7A54A6961C3CBDB8008D7F94 /* SearchViewController.h */ = {isa = PBXFileReference; fileEncoding = 4; lastKnownFileType = sourcecode.c.h; path = SearchViewController.h; sourceTree = "<group>"; };
		7A54A6971C3CBDB8008D7F94 /* SearchViewController.m */ = {isa = PBXFileReference; fileEncoding = 4; lastKnownFileType = sourcecode.c.objc; path = SearchViewController.m; sourceTree = "<group>"; };
		7A54A6991C3CBE75008D7F94 /* ActivityDetailViewController.h */ = {isa = PBXFileReference; fileEncoding = 4; lastKnownFileType = sourcecode.c.h; path = ActivityDetailViewController.h; sourceTree = "<group>"; };
		7A54A69A1C3CBE75008D7F94 /* ActivityDetailViewController.m */ = {isa = PBXFileReference; fileEncoding = 4; lastKnownFileType = sourcecode.c.objc; path = ActivityDetailViewController.m; sourceTree = "<group>"; };
		7A54A69C1C3CBF47008D7F94 /* ThemeViewController.h */ = {isa = PBXFileReference; fileEncoding = 4; lastKnownFileType = sourcecode.c.h; path = ThemeViewController.h; sourceTree = "<group>"; };
		7A54A69D1C3CBF47008D7F94 /* ThemeViewController.m */ = {isa = PBXFileReference; fileEncoding = 4; lastKnownFileType = sourcecode.c.objc; path = ThemeViewController.m; sourceTree = "<group>"; };
		7A54A69F1C3CBFF5008D7F94 /* ClassifyViewController.h */ = {isa = PBXFileReference; fileEncoding = 4; lastKnownFileType = sourcecode.c.h; path = ClassifyViewController.h; sourceTree = "<group>"; };
		7A54A6A01C3CBFF5008D7F94 /* ClassifyViewController.m */ = {isa = PBXFileReference; fileEncoding = 4; lastKnownFileType = sourcecode.c.objc; path = ClassifyViewController.m; sourceTree = "<group>"; };
		7A54A6A21C3CC06F008D7F94 /* GoodActivityViewController.h */ = {isa = PBXFileReference; fileEncoding = 4; lastKnownFileType = sourcecode.c.h; path = GoodActivityViewController.h; sourceTree = "<group>"; };
		7A54A6A31C3CC06F008D7F94 /* GoodActivityViewController.m */ = {isa = PBXFileReference; fileEncoding = 4; lastKnownFileType = sourcecode.c.objc; path = GoodActivityViewController.m; sourceTree = "<group>"; };
		7A54A6A51C3CC083008D7F94 /* HotViewController.h */ = {isa = PBXFileReference; fileEncoding = 4; lastKnownFileType = sourcecode.c.h; path = HotViewController.h; sourceTree = "<group>"; };
		7A54A6A61C3CC083008D7F94 /* HotViewController.m */ = {isa = PBXFileReference; fileEncoding = 4; lastKnownFileType = sourcecode.c.objc; path = HotViewController.m; sourceTree = "<group>"; };
		7A6E86071C3E10DD0011D115 /* Activity.h */ = {isa = PBXFileReference; fileEncoding = 4; lastKnownFileType = sourcecode.c.h; path = Activity.h; sourceTree = "<group>"; };
		7A6E86081C3E10DD0011D115 /* Activity.m */ = {isa = PBXFileReference; fileEncoding = 4; lastKnownFileType = sourcecode.c.objc; path = Activity.m; sourceTree = "<group>"; };
		7A6E860A1C3E4C2C0011D115 /* HWTools.h */ = {isa = PBXFileReference; fileEncoding = 4; lastKnownFileType = sourcecode.c.h; name = HWTools.h; path = ../Classes/Main/View/HWTools.h; sourceTree = "<group>"; };
		7A6E860B1C3E4C2C0011D115 /* HWTools.m */ = {isa = PBXFileReference; fileEncoding = 4; lastKnownFileType = sourcecode.c.objc; name = HWTools.m; path = ../Classes/Main/View/HWTools.m; sourceTree = "<group>"; };
		7AC97AA51C474E5400FF6362 /* ShareViewController.h */ = {isa = PBXFileReference; fileEncoding = 4; lastKnownFileType = sourcecode.c.h; path = ShareViewController.h; sourceTree = "<group>"; };
		7AC97AA61C474E5400FF6362 /* ShareViewController.m */ = {isa = PBXFileReference; fileEncoding = 4; lastKnownFileType = sourcecode.c.objc; path = ShareViewController.m; sourceTree = "<group>"; };
		7AC97AA81C474F8B00FF6362 /* ShareView.h */ = {isa = PBXFileReference; fileEncoding = 4; lastKnownFileType = sourcecode.c.h; path = ShareView.h; sourceTree = "<group>"; };
		7AC97AA91C474F8B00FF6362 /* ShareView.m */ = {isa = PBXFileReference; fileEncoding = 4; lastKnownFileType = sourcecode.c.objc; path = ShareView.m; sourceTree = "<group>"; };
		7AC97B351C47BE8A00FF6362 /* libWeChatSDK.a */ = {isa = PBXFileReference; lastKnownFileType = archive.ar; path = libWeChatSDK.a; sourceTree = "<group>"; };
		7AC97B361C47BE8A00FF6362 /* WXApi.h */ = {isa = PBXFileReference; fileEncoding = 4; lastKnownFileType = sourcecode.c.h; path = WXApi.h; sourceTree = "<group>"; };
		7AC97B371C47BE8A00FF6362 /* WXApiObject.h */ = {isa = PBXFileReference; fileEncoding = 4; lastKnownFileType = sourcecode.c.h; path = WXApiObject.h; sourceTree = "<group>"; };
		7AC97B391C47BF1E00FF6362 /* libc++.tbd */ = {isa = PBXFileReference; lastKnownFileType = "sourcecode.text-based-dylib-definition"; name = "libc++.tbd"; path = "usr/lib/libc++.tbd"; sourceTree = SDKROOT; };
		7AC97B3B1C47C34700FF6362 /* 60.jpg */ = {isa = PBXFileReference; lastKnownFileType = image.jpeg; path = 60.jpg; sourceTree = "<group>"; };
		7AD0B7F51C3B97C300A95969 /* Model.plist */ = {isa = PBXFileReference; fileEncoding = 4; lastKnownFileType = text.plist.xml; path = Model.plist; sourceTree = "<group>"; };
		7AD0B7F71C3BA06F00A95969 /* MainModel.h */ = {isa = PBXFileReference; fileEncoding = 4; lastKnownFileType = sourcecode.c.h; path = MainModel.h; sourceTree = "<group>"; };
		7AD0B7F81C3BA06F00A95969 /* MainModel.m */ = {isa = PBXFileReference; fileEncoding = 4; lastKnownFileType = sourcecode.c.objc; path = MainModel.m; sourceTree = "<group>"; };
		7AFA8E0C1C438FBB0097EAE4 /* VOContentLayer.h */ = {isa = PBXFileReference; fileEncoding = 4; lastKnownFileType = sourcecode.c.h; path = VOContentLayer.h; sourceTree = "<group>"; };
		7AFA8E0D1C438FBB0097EAE4 /* VOContentLayer.m */ = {isa = PBXFileReference; fileEncoding = 4; lastKnownFileType = sourcecode.c.objc; path = VOContentLayer.m; sourceTree = "<group>"; };
		7AFA8E0E1C438FBB0097EAE4 /* VOIndicatorAnimation.h */ = {isa = PBXFileReference; fileEncoding = 4; lastKnownFileType = sourcecode.c.h; path = VOIndicatorAnimation.h; sourceTree = "<group>"; };
		7AFA8E0F1C438FBB0097EAE4 /* VOIndicatorAnimation.m */ = {isa = PBXFileReference; fileEncoding = 4; lastKnownFileType = sourcecode.c.objc; path = VOIndicatorAnimation.m; sourceTree = "<group>"; };
		7AFA8E101C438FBB0097EAE4 /* VOSegment.h */ = {isa = PBXFileReference; fileEncoding = 4; lastKnownFileType = sourcecode.c.h; path = VOSegment.h; sourceTree = "<group>"; };
		7AFA8E111C438FBB0097EAE4 /* VOSegment.m */ = {isa = PBXFileReference; fileEncoding = 4; lastKnownFileType = sourcecode.c.objc; path = VOSegment.m; sourceTree = "<group>"; };
		7AFA8E121C438FBB0097EAE4 /* VOSegmentedControl.h */ = {isa = PBXFileReference; fileEncoding = 4; lastKnownFileType = sourcecode.c.h; path = VOSegmentedControl.h; sourceTree = "<group>"; };
		7AFA8E131C438FBB0097EAE4 /* VOSegmentedControl.m */ = {isa = PBXFileReference; fileEncoding = 4; lastKnownFileType = sourcecode.c.objc; path = VOSegmentedControl.m; sourceTree = "<group>"; };
		7AFA8E1F1C43A8150097EAE4 /* typeid6.plist */ = {isa = PBXFileReference; lastKnownFileType = text.plist; path = typeid6.plist; sourceTree = "<group>"; };
		7AFA8E201C43A8150097EAE4 /* typeid22.plist */ = {isa = PBXFileReference; lastKnownFileType = text.plist; path = typeid22.plist; sourceTree = "<group>"; };
		7AFA8E211C43A8150097EAE4 /* typeid23.plist */ = {isa = PBXFileReference; lastKnownFileType = text.plist; path = typeid23.plist; sourceTree = "<group>"; };
		7AFA8E221C43A8150097EAE4 /* typeud21.plist */ = {isa = PBXFileReference; lastKnownFileType = text.plist; path = typeud21.plist; sourceTree = "<group>"; };
		C12C1ED4CE146846B6EB092D /* Pods.release.xcconfig */ = {isa = PBXFileReference; includeInIndex = 1; lastKnownFileType = text.xcconfig; name = Pods.release.xcconfig; path = "Pods/Target Support Files/Pods/Pods.release.xcconfig"; sourceTree = "<group>"; };
/* End PBXFileReference section */

/* Begin PBXFrameworksBuildPhase section */
		7A08060E1C3A1C510085435F /* Frameworks */ = {
			isa = PBXFrameworksBuildPhase;
			buildActionMask = 2147483647;
			files = (
				7AC97B3A1C47BF1E00FF6362 /* libc++.tbd in Frameworks */,
				7A07D6851C46505800513910 /* SystemConfiguration.framework in Frameworks */,
				7A07D6951C4650C900513910 /* libsqlite3.tbd in Frameworks */,
				7A07D6931C4650B100513910 /* libz.tbd in Frameworks */,
				7A07D6911C46509E00513910 /* CoreGraphics.framework in Frameworks */,
				7A07D68F1C46509400513910 /* Foundation.framework in Frameworks */,
				7A07D68D1C46508700513910 /* UIKit.framework in Frameworks */,
				7A07D68B1C46507A00513910 /* CoreText.framework in Frameworks */,
				7A07D6891C46506D00513910 /* CoreTelephony.framework in Frameworks */,
				7A07D6871C46506200513910 /* Security.framework in Frameworks */,
				7A07D6831C46504C00513910 /* ImageIO.framework in Frameworks */,
				7A07D6811C46503B00513910 /* QuartzCore.framework in Frameworks */,
				7A07D6701C462BF800513910 /* MessageUI.framework in Frameworks */,
				7A07D67E1C464F5000513910 /* libWeiboSDK.a in Frameworks */,
				0CD57079802F52E026C83731 /* libPods.a in Frameworks */,
				7AC97B381C47BE8A00FF6362 /* libWeChatSDK.a in Frameworks */,
			);
			runOnlyForDeploymentPostprocessing = 0;
		};
/* End PBXFrameworksBuildPhase section */

/* Begin PBXGroup section */
		32CA4080E0A6AE331D8C12EB /* Frameworks */ = {
			isa = PBXGroup;
			children = (
				7AC97B391C47BF1E00FF6362 /* libc++.tbd */,
				7A07D6941C4650C900513910 /* libsqlite3.tbd */,
				7A07D6921C4650B100513910 /* libz.tbd */,
				7A07D6901C46509E00513910 /* CoreGraphics.framework */,
				7A07D68E1C46509400513910 /* Foundation.framework */,
				7A07D68C1C46508700513910 /* UIKit.framework */,
				7A07D68A1C46507A00513910 /* CoreText.framework */,
				7A07D6881C46506D00513910 /* CoreTelephony.framework */,
				7A07D6861C46506200513910 /* Security.framework */,
				7A07D6841C46505800513910 /* SystemConfiguration.framework */,
				7A07D6821C46504C00513910 /* ImageIO.framework */,
				7A07D6801C46503B00513910 /* QuartzCore.framework */,
				7A07D66F1C462BF800513910 /* MessageUI.framework */,
				5BC4CE1E2171474A1B4ADE98 /* libPods.a */,
			);
			name = Frameworks;
			sourceTree = "<group>";
		};
		63379559C23AF66270B2F57C /* Pods */ = {
			isa = PBXGroup;
			children = (
				5E0EA4742F616A858C2DC0B7 /* Pods.debug.xcconfig */,
				C12C1ED4CE146846B6EB092D /* Pods.release.xcconfig */,
			);
			name = Pods;
			sourceTree = "<group>";
		};
		7A04E95E1C449EFB001224CF /* ProgressHUD */ = {
			isa = PBXGroup;
			children = (
				7A04E95F1C449EFB001224CF /* ProgressHUD.bundle */,
				7A04E9601C449EFB001224CF /* ProgressHUD.h */,
				7A04E9611C449EFB001224CF /* ProgressHUD.m */,
			);
			name = ProgressHUD;
			path = ../../ProgressHUD;
			sourceTree = "<group>";
		};
		7A07D6711C464F5000513910 /* libWeiboSDK */ = {
			isa = PBXGroup;
			children = (
				7A07D6721C464F5000513910 /* libWeiboSDK.a */,
				7A07D6731C464F5000513910 /* WBHttpRequest+WeiboGame.h */,
				7A07D6741C464F5000513910 /* WBHttpRequest+WeiboShare.h */,
				7A07D6751C464F5000513910 /* WBHttpRequest+WeiboToken.h */,
				7A07D6761C464F5000513910 /* WBHttpRequest+WeiboUser.h */,
				7A07D6771C464F5000513910 /* WBHttpRequest.h */,
				7A07D6781C464F5000513910 /* WBSDKBasicButton.h */,
				7A07D6791C464F5000513910 /* WBSDKCommentButton.h */,
				7A07D67A1C464F5000513910 /* WBSDKRelationshipButton.h */,
				7A07D67B1C464F5000513910 /* WeiboSDK.bundle */,
				7A07D67C1C464F5000513910 /* WeiboSDK.h */,
				7A07D67D1C464F5000513910 /* WeiboUser.h */,
			);
			path = libWeiboSDK;
			sourceTree = "<group>";
		};
		7A0806081C3A1C510085435F = {
			isa = PBXGroup;
			children = (
				7A0806131C3A1C510085435F /* Happyholiday */,
				7A0806121C3A1C510085435F /* Products */,
				63379559C23AF66270B2F57C /* Pods */,
				32CA4080E0A6AE331D8C12EB /* Frameworks */,
			);
			sourceTree = "<group>";
		};
		7A0806121C3A1C510085435F /* Products */ = {
			isa = PBXGroup;
			children = (
				7A0806111C3A1C510085435F /* Happyholiday.app */,
			);
			name = Products;
			sourceTree = "<group>";
		};
		7A0806131C3A1C510085435F /* Happyholiday */ = {
			isa = PBXGroup;
			children = (
				7A0806491C3A4FF20085435F /* Resource */,
				7A0806321C3A4DE10085435F /* Classes */,
				7A0806481C3A4E7C0085435F /* Library */,
				7A08061A1C3A1C510085435F /* Assets.xcassets */,
				7A08061C1C3A1C510085435F /* LaunchScreen.storyboard */,
				7A08061F1C3A1C510085435F /* Info.plist */,
				7A0806141C3A1C510085435F /* Supporting Files */,
			);
			path = Happyholiday;
			sourceTree = "<group>";
		};
		7A0806141C3A1C510085435F /* Supporting Files */ = {
			isa = PBXGroup;
			children = (
				7A0806151C3A1C510085435F /* main.m */,
				7A0806171C3A1C510085435F /* AppDelegate.h */,
				7A0806181C3A1C510085435F /* AppDelegate.m */,
			);
			name = "Supporting Files";
			sourceTree = "<group>";
		};
		7A0806321C3A4DE10085435F /* Classes */ = {
			isa = PBXGroup;
			children = (
				7A0806331C3A4DE10085435F /* DisCover */,
				7A0806391C3A4DE10085435F /* Main */,
				7A08063F1C3A4DE10085435F /* Mine */,
			);
			path = Classes;
			sourceTree = "<group>";
		};
		7A0806331C3A4DE10085435F /* DisCover */ = {
			isa = PBXGroup;
			children = (
				7A0806341C3A4DE10085435F /* Controller */,
				7A0806371C3A4DE10085435F /* Model */,
				7A0806381C3A4DE10085435F /* View */,
			);
			path = DisCover;
			sourceTree = "<group>";
		};
		7A0806341C3A4DE10085435F /* Controller */ = {
			isa = PBXGroup;
			children = (
				7A0806351C3A4DE10085435F /* DiscoverViewController.h */,
				7A0806361C3A4DE10085435F /* DiscoverViewController.m */,
			);
			path = Controller;
			sourceTree = "<group>";
		};
		7A0806371C3A4DE10085435F /* Model */ = {
			isa = PBXGroup;
			children = (
				7A04E9841C450F1A001224CF /* Discover.plist */,
				7A04E9861C4511F4001224CF /* DisCover.h */,
				7A04E9871C4511F4001224CF /* DisCover.m */,
			);
			path = Model;
			sourceTree = "<group>";
		};
		7A0806381C3A4DE10085435F /* View */ = {
			isa = PBXGroup;
			children = (
				7A08064C1C3A50B20085435F /* DiscoverStoryboard.storyboard */,
				7A04E9641C44FA77001224CF /* UIDiscoverTableViewCell.h */,
				7A04E9651C44FA77001224CF /* UIDiscoverTableViewCell.m */,
				7A04E9661C44FA77001224CF /* UIDiscoverTableViewCell.xib */,
			);
			path = View;
			sourceTree = "<group>";
		};
		7A0806391C3A4DE10085435F /* Main */ = {
			isa = PBXGroup;
			children = (
				7A08063A1C3A4DE10085435F /* Controller */,
				7A08063D1C3A4DE10085435F /* Model */,
				7A08063E1C3A4DE10085435F /* View */,
			);
			path = Main;
			sourceTree = "<group>";
		};
		7A08063A1C3A4DE10085435F /* Controller */ = {
			isa = PBXGroup;
			children = (
				7A08063B1C3A4DE10085435F /* MainViewController.h */,
				7A08063C1C3A4DE10085435F /* MainViewController.m */,
				7A54A6A21C3CC06F008D7F94 /* GoodActivityViewController.h */,
				7A54A6A31C3CC06F008D7F94 /* GoodActivityViewController.m */,
				7A54A6931C3CBC30008D7F94 /* SelectCityViewController.h */,
				7A54A6941C3CBC30008D7F94 /* SelectCityViewController.m */,
				7A54A6961C3CBDB8008D7F94 /* SearchViewController.h */,
				7A54A6971C3CBDB8008D7F94 /* SearchViewController.m */,
				7A54A6991C3CBE75008D7F94 /* ActivityDetailViewController.h */,
				7A54A69A1C3CBE75008D7F94 /* ActivityDetailViewController.m */,
				7A54A69C1C3CBF47008D7F94 /* ThemeViewController.h */,
				7A54A69D1C3CBF47008D7F94 /* ThemeViewController.m */,
				7A54A69F1C3CBFF5008D7F94 /* ClassifyViewController.h */,
				7A54A6A01C3CBFF5008D7F94 /* ClassifyViewController.m */,
				7A54A6A51C3CC083008D7F94 /* HotViewController.h */,
				7A54A6A61C3CC083008D7F94 /* HotViewController.m */,
			);
			path = Controller;
			sourceTree = "<group>";
		};
		7A08063D1C3A4DE10085435F /* Model */ = {
			isa = PBXGroup;
			children = (
				7AD0B7F71C3BA06F00A95969 /* MainModel.h */,
				7AD0B7F81C3BA06F00A95969 /* MainModel.m */,
				7A0C87331C3F5D6E0036426C /* Them.plist */,
				7A0C87381C3F9CBD0036426C /* goodActivity.plist */,
				7A0C87471C3FB7EF0036426C /* goodActivity2.plist */,
				7A0C87491C3FBE450036426C /* GoodActivityModel.h */,
				7A0C874A1C3FBE450036426C /* GoodActivityModel.m */,
				7AFA8E1F1C43A8150097EAE4 /* typeid6.plist */,
				7AFA8E201C43A8150097EAE4 /* typeid22.plist */,
				7AFA8E211C43A8150097EAE4 /* typeid23.plist */,
				7AFA8E221C43A8150097EAE4 /* typeud21.plist */,
				7A0CF5811C42532900B93AC1 /* Hot.plist */,
				7A0CF5831C42680D00B93AC1 /* Classfy.plist */,
				7A0CF58A1C426C8000B93AC1 /* Classfy.h */,
				7A0CF58B1C426C8000B93AC1 /* Classfy.m */,
			);
			path = Model;
			sourceTree = "<group>";
		};
		7A08063E1C3A4DE10085435F /* View */ = {
			isa = PBXGroup;
			children = (
				7A08064A1C3A50920085435F /* Main.storyboard */,
				7A0961081C3A766D00B0DDB4 /* MainTableViewCell.h */,
				7A0961091C3A766D00B0DDB4 /* MainTableViewCell.m */,
				7A09610A1C3A766D00B0DDB4 /* MainTableViewCell.xib */,
				7A6E86071C3E10DD0011D115 /* Activity.h */,
				7A6E86081C3E10DD0011D115 /* Activity.m */,
				7A0C87351C3F5EC60036426C /* ActivityThem.h */,
				7A0C87361C3F5EC60036426C /* ActivityThem.m */,
				7A0C87421C3FA3B40036426C /* GoodActiivityTableViewCell.h */,
				7A0C87431C3FA3B40036426C /* GoodActiivityTableViewCell.m */,
				7A0C87441C3FA3B40036426C /* GoodActiivityTableViewCell.xib */,
				7A0CF57E1C424C4E00B93AC1 /* HotTableViewCell.h */,
				7A0CF57F1C424C4E00B93AC1 /* HotTableViewCell.m */,
				7A0CF5851C4268C900B93AC1 /* ClassfyTableViewCell.h */,
				7A0CF5861C4268C900B93AC1 /* ClassfyTableViewCell.m */,
				7A0CF5871C4268C900B93AC1 /* ClassfyTableViewCell.xib */,
			);
			path = View;
			sourceTree = "<group>";
		};
		7A08063F1C3A4DE10085435F /* Mine */ = {
			isa = PBXGroup;
			children = (
				7A0806401C3A4DE10085435F /* Contoller */,
				7A0806431C3A4DE10085435F /* Model */,
				7A0806441C3A4DE10085435F /* View */,
			);
			path = Mine;
			sourceTree = "<group>";
		};
		7A0806401C3A4DE10085435F /* Contoller */ = {
			isa = PBXGroup;
			children = (
				7A0806411C3A4DE10085435F /* MineViewController.h */,
				7A0806421C3A4DE10085435F /* MineViewController.m */,
				7A07D66C1C4616D000513910 /* SetViewController.h */,
				7A07D66D1C4616D100513910 /* SetViewController.m */,
			);
			path = Contoller;
			sourceTree = "<group>";
		};
		7A0806431C3A4DE10085435F /* Model */ = {
			isa = PBXGroup;
			children = (
			);
			path = Model;
			sourceTree = "<group>";
		};
		7A0806441C3A4DE10085435F /* View */ = {
			isa = PBXGroup;
			children = (
				7A08064E1C3A50ED0085435F /* MineStoryboard.storyboard */,
			);
			path = View;
			sourceTree = "<group>";
		};
		7A0806481C3A4E7C0085435F /* Library */ = {
			isa = PBXGroup;
			children = (
				7AC97B341C47BE8A00FF6362 /* SDKExport */,
				7A0C873A1C3F9E400036426C /* PullingRefreshTableView */,
				7A04E95E1C449EFB001224CF /* ProgressHUD */,
				7AFA8E0B1C438FBB0097EAE4 /* VOSegmentedControl */,
				7A07D6711C464F5000513910 /* libWeiboSDK */,
			);
			name = Library;
			path = Classes/Library;
			sourceTree = "<group>";
		};
		7A0806491C3A4FF20085435F /* Resource */ = {
			isa = PBXGroup;
			children = (
				7AC97B3B1C47C34700FF6362 /* 60.jpg */,
				7A54A6911C3CAA65008D7F94 /* MySelf.pch */,
				7AD0B7F51C3B97C300A95969 /* Model.plist */,
				7A036F611C3D1AD900B1D9B6 /* ActivityDetail.plist */,
				7A036F6E1C3D22DB00B1D9B6 /* UIViewController+Common.h */,
				7A036F6F1C3D22DB00B1D9B6 /* UIViewController+Common.m */,
				7A036F711C3D242F00B1D9B6 /* HWDefine.h */,
				7A6E860A1C3E4C2C0011D115 /* HWTools.h */,
				7A6E860B1C3E4C2C0011D115 /* HWTools.m */,
				7A20EDA91C3E5B1D00CA3C72 /* UIView+Extesion.h */,
				7A20EDAA1C3E5B1D00CA3C72 /* UIView+Extesion.m */,
				7AC97AA81C474F8B00FF6362 /* ShareView.h */,
				7AC97AA91C474F8B00FF6362 /* ShareView.m */,
				7AC97AA51C474E5400FF6362 /* ShareViewController.h */,
				7AC97AA61C474E5400FF6362 /* ShareViewController.m */,
			);
			path = Resource;
			sourceTree = "<group>";
		};
		7A0C873A1C3F9E400036426C /* PullingRefreshTableView */ = {
			isa = PBXGroup;
			children = (
				7A0C873B1C3F9E400036426C /* blueArrow.png */,
				7A0C873C1C3F9E400036426C /* blueArrowDown.png */,
				7A0C873D1C3F9E400036426C /* PullingRefreshTableView.h */,
				7A0C873E1C3F9E400036426C /* PullingRefreshTableView.m */,
			);
			name = PullingRefreshTableView;
			path = ../../Resource/PullingRefreshTableView;
			sourceTree = "<group>";
		};
		7AC97B341C47BE8A00FF6362 /* SDKExport */ = {
			isa = PBXGroup;
			children = (
				7AC97B351C47BE8A00FF6362 /* libWeChatSDK.a */,
				7AC97B361C47BE8A00FF6362 /* WXApi.h */,
				7AC97B371C47BE8A00FF6362 /* WXApiObject.h */,
			);
			path = SDKExport;
			sourceTree = "<group>";
		};
		7AFA8E0B1C438FBB0097EAE4 /* VOSegmentedControl */ = {
			isa = PBXGroup;
			children = (
				7AFA8E0C1C438FBB0097EAE4 /* VOContentLayer.h */,
				7AFA8E0D1C438FBB0097EAE4 /* VOContentLayer.m */,
				7AFA8E0E1C438FBB0097EAE4 /* VOIndicatorAnimation.h */,
				7AFA8E0F1C438FBB0097EAE4 /* VOIndicatorAnimation.m */,
				7AFA8E101C438FBB0097EAE4 /* VOSegment.h */,
				7AFA8E111C438FBB0097EAE4 /* VOSegment.m */,
				7AFA8E121C438FBB0097EAE4 /* VOSegmentedControl.h */,
				7AFA8E131C438FBB0097EAE4 /* VOSegmentedControl.m */,
			);
			name = VOSegmentedControl;
			path = ../../VOSegmentedControlDemo/VOSegmentedControl;
			sourceTree = "<group>";
		};
/* End PBXGroup section */

/* Begin PBXNativeTarget section */
		7A0806101C3A1C510085435F /* Happyholiday */ = {
			isa = PBXNativeTarget;
			buildConfigurationList = 7A0806221C3A1C510085435F /* Build configuration list for PBXNativeTarget "Happyholiday" */;
			buildPhases = (
				41BB18863556EB722E07E4C9 /* Check Pods Manifest.lock */,
				7A08060D1C3A1C510085435F /* Sources */,
				7A08060E1C3A1C510085435F /* Frameworks */,
				7A08060F1C3A1C510085435F /* Resources */,
				12C831BFD1446C09EB6D61A8 /* Embed Pods Frameworks */,
				6C0345F1F65830E5C6C9C327 /* Copy Pods Resources */,
			);
			buildRules = (
			);
			dependencies = (
			);
			name = Happyholiday;
			productName = Happyholiday;
			productReference = 7A0806111C3A1C510085435F /* Happyholiday.app */;
			productType = "com.apple.product-type.application";
		};
/* End PBXNativeTarget section */

/* Begin PBXProject section */
		7A0806091C3A1C510085435F /* Project object */ = {
			isa = PBXProject;
			attributes = {
				LastUpgradeCheck = 0720;
				ORGANIZATIONNAME = scjy;
				TargetAttributes = {
					7A0806101C3A1C510085435F = {
						CreatedOnToolsVersion = 7.2;
					};
				};
			};
			buildConfigurationList = 7A08060C1C3A1C510085435F /* Build configuration list for PBXProject "Happyholiday" */;
			compatibilityVersion = "Xcode 3.2";
			developmentRegion = English;
			hasScannedForEncodings = 0;
			knownRegions = (
				en,
				Base,
			);
			mainGroup = 7A0806081C3A1C510085435F;
			productRefGroup = 7A0806121C3A1C510085435F /* Products */;
			projectDirPath = "";
			projectRoot = "";
			targets = (
				7A0806101C3A1C510085435F /* Happyholiday */,
			);
		};
/* End PBXProject section */

/* Begin PBXResourcesBuildPhase section */
		7A08060F1C3A1C510085435F /* Resources */ = {
			isa = PBXResourcesBuildPhase;
			buildActionMask = 2147483647;
			files = (
				7A04E9681C44FA77001224CF /* UIDiscoverTableViewCell.xib in Resources */,
				7A04E9621C449EFB001224CF /* ProgressHUD.bundle in Resources */,
				7AFA8E231C43A8150097EAE4 /* typeid6.plist in Resources */,
				7A0CF5891C4268C900B93AC1 /* ClassfyTableViewCell.xib in Resources */,
				7A0C87391C3F9CBD0036426C /* goodActivity.plist in Resources */,
				7A0C87341C3F5D6E0036426C /* Them.plist in Resources */,
				7AFA8E251C43A8150097EAE4 /* typeid23.plist in Resources */,
				7A04E9851C450F1A001224CF /* Discover.plist in Resources */,
				7AD0B7F61C3B97C300A95969 /* Model.plist in Resources */,
				7A09610C1C3A766D00B0DDB4 /* MainTableViewCell.xib in Resources */,
				7A08064D1C3A50B20085435F /* DiscoverStoryboard.storyboard in Resources */,
				7A0CF5821C42532900B93AC1 /* Hot.plist in Resources */,
				7AFA8E261C43A8150097EAE4 /* typeud21.plist in Resources */,
				7AC97B3C1C47C34700FF6362 /* 60.jpg in Resources */,
				7A08064B1C3A50920085435F /* Main.storyboard in Resources */,
				7A08061B1C3A1C510085435F /* Assets.xcassets in Resources */,
				7A0C87481C3FB7EF0036426C /* goodActivity2.plist in Resources */,
				7A0C87401C3F9E400036426C /* blueArrowDown.png in Resources */,
				7A0C873F1C3F9E400036426C /* blueArrow.png in Resources */,
				7A0C87461C3FA3B40036426C /* GoodActiivityTableViewCell.xib in Resources */,
				7A0CF5841C42680D00B93AC1 /* Classfy.plist in Resources */,
				7A08061E1C3A1C510085435F /* LaunchScreen.storyboard in Resources */,
				7AFA8E241C43A8150097EAE4 /* typeid22.plist in Resources */,
				7A07D67F1C464F5000513910 /* WeiboSDK.bundle in Resources */,
				7A036F621C3D1AD900B1D9B6 /* ActivityDetail.plist in Resources */,
				7A08064F1C3A50ED0085435F /* MineStoryboard.storyboard in Resources */,
			);
			runOnlyForDeploymentPostprocessing = 0;
		};
/* End PBXResourcesBuildPhase section */

/* Begin PBXShellScriptBuildPhase section */
		12C831BFD1446C09EB6D61A8 /* Embed Pods Frameworks */ = {
			isa = PBXShellScriptBuildPhase;
			buildActionMask = 2147483647;
			files = (
			);
			inputPaths = (
			);
			name = "Embed Pods Frameworks";
			outputPaths = (
			);
			runOnlyForDeploymentPostprocessing = 0;
			shellPath = /bin/sh;
			shellScript = "\"${SRCROOT}/Pods/Target Support Files/Pods/Pods-frameworks.sh\"\n";
			showEnvVarsInLog = 0;
		};
		41BB18863556EB722E07E4C9 /* Check Pods Manifest.lock */ = {
			isa = PBXShellScriptBuildPhase;
			buildActionMask = 2147483647;
			files = (
			);
			inputPaths = (
			);
			name = "Check Pods Manifest.lock";
			outputPaths = (
			);
			runOnlyForDeploymentPostprocessing = 0;
			shellPath = /bin/sh;
			shellScript = "diff \"${PODS_ROOT}/../Podfile.lock\" \"${PODS_ROOT}/Manifest.lock\" > /dev/null\nif [[ $? != 0 ]] ; then\n    cat << EOM\nerror: The sandbox is not in sync with the Podfile.lock. Run 'pod install' or update your CocoaPods installation.\nEOM\n    exit 1\nfi\n";
			showEnvVarsInLog = 0;
		};
		6C0345F1F65830E5C6C9C327 /* Copy Pods Resources */ = {
			isa = PBXShellScriptBuildPhase;
			buildActionMask = 2147483647;
			files = (
			);
			inputPaths = (
			);
			name = "Copy Pods Resources";
			outputPaths = (
			);
			runOnlyForDeploymentPostprocessing = 0;
			shellPath = /bin/sh;
			shellScript = "\"${SRCROOT}/Pods/Target Support Files/Pods/Pods-resources.sh\"\n";
			showEnvVarsInLog = 0;
		};
/* End PBXShellScriptBuildPhase section */

/* Begin PBXSourcesBuildPhase section */
		7A08060D1C3A1C510085435F /* Sources */ = {
			isa = PBXSourcesBuildPhase;
			buildActionMask = 2147483647;
			files = (
				7A6E860C1C3E4C2C0011D115 /* HWTools.m in Sources */,
				7A0CF5881C4268C900B93AC1 /* ClassfyTableViewCell.m in Sources */,
				7A0C87451C3FA3B40036426C /* GoodActiivityTableViewCell.m in Sources */,
				7A0C87371C3F5EC60036426C /* ActivityThem.m in Sources */,
				7A04E9881C4511F4001224CF /* DisCover.m in Sources */,
				7A54A6A11C3CBFF5008D7F94 /* ClassifyViewController.m in Sources */,
				7A09610B1C3A766D00B0DDB4 /* MainTableViewCell.m in Sources */,
				7A6E86091C3E10DD0011D115 /* Activity.m in Sources */,
				7A07D66E1C4616D100513910 /* SetViewController.m in Sources */,
				7A54A6A41C3CC06F008D7F94 /* GoodActivityViewController.m in Sources */,
				7A0CF58C1C426C8000B93AC1 /* Classfy.m in Sources */,
				7A0806191C3A1C510085435F /* AppDelegate.m in Sources */,
				7A0806451C3A4DE10085435F /* DiscoverViewController.m in Sources */,
				7A0C874B1C3FBE450036426C /* GoodActivityModel.m in Sources */,
				7A04E9631C449EFB001224CF /* ProgressHUD.m in Sources */,
				7A0806471C3A4DE10085435F /* MineViewController.m in Sources */,
				7A54A69B1C3CBE75008D7F94 /* ActivityDetailViewController.m in Sources */,
				7AC97AA71C474E5400FF6362 /* ShareViewController.m in Sources */,
				7A54A6981C3CBDB8008D7F94 /* SearchViewController.m in Sources */,
				7AFA8E1B1C438FBB0097EAE4 /* VOContentLayer.m in Sources */,
				7AFA8E1E1C438FBB0097EAE4 /* VOSegmentedControl.m in Sources */,
				7A04E9671C44FA77001224CF /* UIDiscoverTableViewCell.m in Sources */,
				7AFA8E1C1C438FBB0097EAE4 /* VOIndicatorAnimation.m in Sources */,
				7A54A6A71C3CC083008D7F94 /* HotViewController.m in Sources */,
				7A54A69E1C3CBF47008D7F94 /* ThemeViewController.m in Sources */,
				7A0C87411C3F9E400036426C /* PullingRefreshTableView.m in Sources */,
				7A0806161C3A1C510085435F /* main.m in Sources */,
				7A0CF5801C424C4E00B93AC1 /* HotTableViewCell.m in Sources */,
				7A54A6951C3CBC30008D7F94 /* SelectCityViewController.m in Sources */,
				7AFA8E1D1C438FBB0097EAE4 /* VOSegment.m in Sources */,
				7A0806461C3A4DE10085435F /* MainViewController.m in Sources */,
				7A20EDAB1C3E5B1D00CA3C72 /* UIView+Extesion.m in Sources */,
				7AC97AAA1C474F8B00FF6362 /* ShareView.m in Sources */,
				7A036F701C3D22DB00B1D9B6 /* UIViewController+Common.m in Sources */,
				7AD0B7F91C3BA06F00A95969 /* MainModel.m in Sources */,
			);
			runOnlyForDeploymentPostprocessing = 0;
		};
/* End PBXSourcesBuildPhase section */

/* Begin PBXVariantGroup section */
		7A08061C1C3A1C510085435F /* LaunchScreen.storyboard */ = {
			isa = PBXVariantGroup;
			children = (
				7A08061D1C3A1C510085435F /* Base */,
			);
			name = LaunchScreen.storyboard;
			sourceTree = "<group>";
		};
/* End PBXVariantGroup section */

/* Begin XCBuildConfiguration section */
		7A0806201C3A1C510085435F /* Debug */ = {
			isa = XCBuildConfiguration;
			buildSettings = {
				ALWAYS_SEARCH_USER_PATHS = NO;
				CLANG_CXX_LANGUAGE_STANDARD = "gnu++0x";
				CLANG_CXX_LIBRARY = "libc++";
				CLANG_ENABLE_MODULES = YES;
				CLANG_ENABLE_OBJC_ARC = YES;
				CLANG_WARN_BOOL_CONVERSION = YES;
				CLANG_WARN_CONSTANT_CONVERSION = YES;
				CLANG_WARN_DIRECT_OBJC_ISA_USAGE = YES_ERROR;
				CLANG_WARN_EMPTY_BODY = YES;
				CLANG_WARN_ENUM_CONVERSION = YES;
				CLANG_WARN_INT_CONVERSION = YES;
				CLANG_WARN_OBJC_ROOT_CLASS = YES_ERROR;
				CLANG_WARN_UNREACHABLE_CODE = YES;
				CLANG_WARN__DUPLICATE_METHOD_MATCH = YES;
				"CODE_SIGN_IDENTITY[sdk=iphoneos*]" = "iPhone Developer";
				COPY_PHASE_STRIP = NO;
				DEBUG_INFORMATION_FORMAT = dwarf;
				ENABLE_STRICT_OBJC_MSGSEND = YES;
				ENABLE_TESTABILITY = YES;
				GCC_C_LANGUAGE_STANDARD = gnu99;
				GCC_DYNAMIC_NO_PIC = NO;
				GCC_NO_COMMON_BLOCKS = YES;
				GCC_OPTIMIZATION_LEVEL = 0;
				GCC_PREPROCESSOR_DEFINITIONS = (
					"DEBUG=1",
					"$(inherited)",
				);
				GCC_WARN_64_TO_32_BIT_CONVERSION = YES;
				GCC_WARN_ABOUT_RETURN_TYPE = YES_ERROR;
				GCC_WARN_UNDECLARED_SELECTOR = YES;
				GCC_WARN_UNINITIALIZED_AUTOS = YES_AGGRESSIVE;
				GCC_WARN_UNUSED_FUNCTION = YES;
				GCC_WARN_UNUSED_VARIABLE = YES;
				IPHONEOS_DEPLOYMENT_TARGET = 9.2;
				MTL_ENABLE_DEBUG_INFO = YES;
				ONLY_ACTIVE_ARCH = YES;
				SDKROOT = iphoneos;
			};
			name = Debug;
		};
		7A0806211C3A1C510085435F /* Release */ = {
			isa = XCBuildConfiguration;
			buildSettings = {
				ALWAYS_SEARCH_USER_PATHS = NO;
				CLANG_CXX_LANGUAGE_STANDARD = "gnu++0x";
				CLANG_CXX_LIBRARY = "libc++";
				CLANG_ENABLE_MODULES = YES;
				CLANG_ENABLE_OBJC_ARC = YES;
				CLANG_WARN_BOOL_CONVERSION = YES;
				CLANG_WARN_CONSTANT_CONVERSION = YES;
				CLANG_WARN_DIRECT_OBJC_ISA_USAGE = YES_ERROR;
				CLANG_WARN_EMPTY_BODY = YES;
				CLANG_WARN_ENUM_CONVERSION = YES;
				CLANG_WARN_INT_CONVERSION = YES;
				CLANG_WARN_OBJC_ROOT_CLASS = YES_ERROR;
				CLANG_WARN_UNREACHABLE_CODE = YES;
				CLANG_WARN__DUPLICATE_METHOD_MATCH = YES;
				"CODE_SIGN_IDENTITY[sdk=iphoneos*]" = "iPhone Developer";
				COPY_PHASE_STRIP = NO;
				DEBUG_INFORMATION_FORMAT = "dwarf-with-dsym";
				ENABLE_NS_ASSERTIONS = NO;
				ENABLE_STRICT_OBJC_MSGSEND = YES;
				GCC_C_LANGUAGE_STANDARD = gnu99;
				GCC_NO_COMMON_BLOCKS = YES;
				GCC_WARN_64_TO_32_BIT_CONVERSION = YES;
				GCC_WARN_ABOUT_RETURN_TYPE = YES_ERROR;
				GCC_WARN_UNDECLARED_SELECTOR = YES;
				GCC_WARN_UNINITIALIZED_AUTOS = YES_AGGRESSIVE;
				GCC_WARN_UNUSED_FUNCTION = YES;
				GCC_WARN_UNUSED_VARIABLE = YES;
				IPHONEOS_DEPLOYMENT_TARGET = 9.2;
				MTL_ENABLE_DEBUG_INFO = NO;
				SDKROOT = iphoneos;
				VALIDATE_PRODUCT = YES;
			};
			name = Release;
		};
		7A0806231C3A1C510085435F /* Debug */ = {
			isa = XCBuildConfiguration;
			baseConfigurationReference = 5E0EA4742F616A858C2DC0B7 /* Pods.debug.xcconfig */;
			buildSettings = {
				ASSETCATALOG_COMPILER_APPICON_NAME = AppIcon;
				CODE_SIGN_IDENTITY = "iPhone Developer";
				"CODE_SIGN_IDENTITY[sdk=iphoneos*]" = "iPhone Developer";
				ENABLE_BITCODE = NO;
				GCC_PRECOMPILE_PREFIX_HEADER = YES;
				GCC_PREFIX_HEADER = "$(SRCROOT)/Happyholiday/MySelf.pch";
				INFOPLIST_FILE = Happyholiday/Info.plist;
				IPHONEOS_DEPLOYMENT_TARGET = 7.0;
				LD_RUNPATH_SEARCH_PATHS = "$(inherited) @executable_path/Frameworks";
				LIBRARY_SEARCH_PATHS = (
					"$(inherited)",
					"$(PROJECT_DIR)/Happyholiday/Classes/Library/libWeiboSDK",
					"$(PROJECT_DIR)/Happyholiday/Classes/Library/SDKExport",
				);
				PRODUCT_BUNDLE_IDENTIFIER = com.zhang.Happyholiday1;
				PRODUCT_NAME = "$(TARGET_NAME)";
				PROVISIONING_PROFILE = "";
			};
			name = Debug;
		};
		7A0806241C3A1C510085435F /* Release */ = {
			isa = XCBuildConfiguration;
			baseConfigurationReference = C12C1ED4CE146846B6EB092D /* Pods.release.xcconfig */;
			buildSettings = {
				ASSETCATALOG_COMPILER_APPICON_NAME = AppIcon;
				CODE_SIGN_IDENTITY = "iPhone Developer";
				"CODE_SIGN_IDENTITY[sdk=iphoneos*]" = "iPhone Developer";
				ENABLE_BITCODE = NO;
				GCC_PRECOMPILE_PREFIX_HEADER = YES;
				GCC_PREFIX_HEADER = "$(SRCROOT)/Happyholiday/MySelf.pch";
				INFOPLIST_FILE = Happyholiday/Info.plist;
				IPHONEOS_DEPLOYMENT_TARGET = 7.0;
				LD_RUNPATH_SEARCH_PATHS = "$(inherited) @executable_path/Frameworks";
				LIBRARY_SEARCH_PATHS = (
					"$(inherited)",
					"$(PROJECT_DIR)/Happyholiday/Classes/Library/libWeiboSDK",
					"$(PROJECT_DIR)/Happyholiday/Classes/Library/SDKExport",
				);
				PRODUCT_BUNDLE_IDENTIFIER = com.zhang.Happyholiday1;
				PRODUCT_NAME = "$(TARGET_NAME)";
				PROVISIONING_PROFILE = "";
			};
			name = Release;
		};
/* End XCBuildConfiguration section */

/* Begin XCConfigurationList section */
		7A08060C1C3A1C510085435F /* Build configuration list for PBXProject "Happyholiday" */ = {
			isa = XCConfigurationList;
			buildConfigurations = (
				7A0806201C3A1C510085435F /* Debug */,
				7A0806211C3A1C510085435F /* Release */,
			);
			defaultConfigurationIsVisible = 0;
			defaultConfigurationName = Release;
		};
		7A0806221C3A1C510085435F /* Build configuration list for PBXNativeTarget "Happyholiday" */ = {
			isa = XCConfigurationList;
			buildConfigurations = (
				7A0806231C3A1C510085435F /* Debug */,
				7A0806241C3A1C510085435F /* Release */,
			);
			defaultConfigurationIsVisible = 0;
			defaultConfigurationName = Release;
		};
/* End XCConfigurationList section */
	};
	rootObject = 7A0806091C3A1C510085435F /* Project object */;
}
